# Generated by ergasterion/emit.py from declarations/*.yml. Do not edit by hand.
# Evolution ledger for the ecommerce domain. Per entity it records the payload
# column roster, the hashdiff basis (the exact column set the stored hashdiffs were
# computed over), the hashdiff_exclude set that basis consumed, the basis version,
# and resolved projection-expression fingerprints for every payload source route.
# The basis and the exclusion set together name the payload roster as it stood when the
# basis froze, which is the roster the basis-conflict grade runs against. Emit grades
# every later declared payload against this file: an extension enters the estate online
# with the basis frozen, and a removal, a rename or a type/expression redefinition
# raises an estate migration requirement.
# A pending_basis_version alongside pending_hashdiff_basis and pending_hashdiff_exclude
# records a re-baseline in flight: the basis the stored hashdiffs are being recomputed
# over. While it stands, emit and generated stage execution stop with a named error.
version: 2
domain: ecommerce
entities:
  customer:
    basis_version: 1
    payload:
    - source_record_id
    - source_customer_id
    - loyalty_id
    - email
    - full_name
    - phone
    - address_line
    - city
    - postal_code
    - country
    - marketing_consent
    - preferred_channel
    - buyer_segment
    - customer_status
    - as_of_date
    - customer_resolution_tier
    - customer_resolution_confidence
    hashdiff_basis:
    - source_record_id
    - source_customer_id
    - loyalty_id
    - email
    - full_name
    - phone
    - address_line
    - city
    - postal_code
    - country
    - marketing_consent
    - preferred_channel
    - buyer_segment
    - customer_status
    - as_of_date
    - customer_resolution_tier
    - customer_resolution_confidence
    hashdiff_exclude: []
    projection_fingerprints:
      address_line:
        "cartivo.customers.customers": "03d3907e85996427d4b6916bd6699af9ed6ba26ffb1011007a824fef13be7077"
        "mercaro.customers.customers": "041c173942d7152cd37949e71fd209c342f86e3044a4a93dc5862c2a8c08a76f"
        "relatio.customers.customers": "03d3907e85996427d4b6916bd6699af9ed6ba26ffb1011007a824fef13be7077"
      as_of_date:
        "cartivo.customers.customers": "f267ef34463f2994f9c29a6aeb8b3e1d96cf10e13ea68718282f6517e1a60b4f"
        "mercaro.customers.customers": "f267ef34463f2994f9c29a6aeb8b3e1d96cf10e13ea68718282f6517e1a60b4f"
        "relatio.customers.customers": "f267ef34463f2994f9c29a6aeb8b3e1d96cf10e13ea68718282f6517e1a60b4f"
      buyer_segment:
        "cartivo.customers.customers": "041c173942d7152cd37949e71fd209c342f86e3044a4a93dc5862c2a8c08a76f"
        "mercaro.customers.customers": "d1e0b8f1af5afa57bcb517af4fe334e17ed3a9d5aa130717dbb390c780b71beb"
        "relatio.customers.customers": "041c173942d7152cd37949e71fd209c342f86e3044a4a93dc5862c2a8c08a76f"
      city:
        "cartivo.customers.customers": "1ab3c65cc97e3cd5fd1465ae3b169c94929756257aedae426003035a4d5b529c"
        "mercaro.customers.customers": "1ab3c65cc97e3cd5fd1465ae3b169c94929756257aedae426003035a4d5b529c"
        "relatio.customers.customers": "1ab3c65cc97e3cd5fd1465ae3b169c94929756257aedae426003035a4d5b529c"
      country:
        "cartivo.customers.customers": "03877a38b3a601157632b319e6e5cb102be7f9ef064d75379d88261152e6f20c"
        "mercaro.customers.customers": "041c173942d7152cd37949e71fd209c342f86e3044a4a93dc5862c2a8c08a76f"
        "relatio.customers.customers": "03877a38b3a601157632b319e6e5cb102be7f9ef064d75379d88261152e6f20c"
      customer_resolution_confidence:
        "cartivo.customers.customers": "062565ccde9386db9d56ee3dbb2bc76d9467695724ca7de1f7c7a033c30a5328"
        "mercaro.customers.customers": "062565ccde9386db9d56ee3dbb2bc76d9467695724ca7de1f7c7a033c30a5328"
        "relatio.customers.customers": "062565ccde9386db9d56ee3dbb2bc76d9467695724ca7de1f7c7a033c30a5328"
      customer_resolution_tier:
        "cartivo.customers.customers": "dc1af294e15dadbcc0885068ff83775853bc3b4e35d63321bf100ea26659d73c"
        "mercaro.customers.customers": "dc1af294e15dadbcc0885068ff83775853bc3b4e35d63321bf100ea26659d73c"
        "relatio.customers.customers": "dc1af294e15dadbcc0885068ff83775853bc3b4e35d63321bf100ea26659d73c"
      customer_status:
        "cartivo.customers.customers": "2c8cf9d5438095b9dae0c9967083f6be93bc73695a0d967f8c86768288969668"
        "mercaro.customers.customers": "2c8cf9d5438095b9dae0c9967083f6be93bc73695a0d967f8c86768288969668"
        "relatio.customers.customers": "2c8cf9d5438095b9dae0c9967083f6be93bc73695a0d967f8c86768288969668"
      email:
        "cartivo.customers.customers": "8c0982396cbb64c87c46097c1b98e895c333a442b6fe5c9cd16e91e034419032"
        "mercaro.customers.customers": "8c0982396cbb64c87c46097c1b98e895c333a442b6fe5c9cd16e91e034419032"
        "relatio.customers.customers": "8c0982396cbb64c87c46097c1b98e895c333a442b6fe5c9cd16e91e034419032"
      full_name:
        "cartivo.customers.customers": "84d039960056303c2fc616f7d09c227e76a4b866993db3e2441a29a5888731f6"
        "mercaro.customers.customers": "84d039960056303c2fc616f7d09c227e76a4b866993db3e2441a29a5888731f6"
        "relatio.customers.customers": "84d039960056303c2fc616f7d09c227e76a4b866993db3e2441a29a5888731f6"
      loyalty_id:
        "cartivo.customers.customers": "633ca27868cf20b03650aa9359d410d7c65b4d6b3ad4ad2a27c89bbaa5896ca2"
        "mercaro.customers.customers": "633ca27868cf20b03650aa9359d410d7c65b4d6b3ad4ad2a27c89bbaa5896ca2"
        "relatio.customers.customers": "633ca27868cf20b03650aa9359d410d7c65b4d6b3ad4ad2a27c89bbaa5896ca2"
      marketing_consent:
        "cartivo.customers.customers": "9d79d170707bf0c13d8a5d943664386baf59966205eb035ea63eb2c24a7d42f9"
        "mercaro.customers.customers": "041c173942d7152cd37949e71fd209c342f86e3044a4a93dc5862c2a8c08a76f"
        "relatio.customers.customers": "041c173942d7152cd37949e71fd209c342f86e3044a4a93dc5862c2a8c08a76f"
      phone:
        "cartivo.customers.customers": "14d95757f5ac7b95af7cda09301cdcaa550399977c1b7e94d5bc6318741abb05"
        "mercaro.customers.customers": "041c173942d7152cd37949e71fd209c342f86e3044a4a93dc5862c2a8c08a76f"
        "relatio.customers.customers": "14d95757f5ac7b95af7cda09301cdcaa550399977c1b7e94d5bc6318741abb05"
      postal_code:
        "cartivo.customers.customers": "90835a3a1aeb5a442a80d022596264f626002b695f3bcc5620c34cf7bfd39ea2"
        "mercaro.customers.customers": "041c173942d7152cd37949e71fd209c342f86e3044a4a93dc5862c2a8c08a76f"
        "relatio.customers.customers": "90835a3a1aeb5a442a80d022596264f626002b695f3bcc5620c34cf7bfd39ea2"
      preferred_channel:
        "cartivo.customers.customers": "726864d6212bf1bf6d0e484776d1777808dc17e6e080355c6b7a2e2adb631cd0"
        "mercaro.customers.customers": "041c173942d7152cd37949e71fd209c342f86e3044a4a93dc5862c2a8c08a76f"
        "relatio.customers.customers": "041c173942d7152cd37949e71fd209c342f86e3044a4a93dc5862c2a8c08a76f"
      source_customer_id:
        "cartivo.customers.customers": "73347fe544bf3b55428dad8207b4301b80471ea642564899d641844d2e035d4c"
        "mercaro.customers.customers": "4b666dd1421f30d90173487bd322de50dec8bba83a6b3d817482bc7580080fe3"
        "relatio.customers.customers": "04deb1d1cf0ccab458327b41c4044b576dfcebd0e7e961f5c71fa03277bc80a4"
      source_record_id:
        "cartivo.customers.customers": "0e0e101cf6ef09ccf2dc4b7a5631606d379ff0d3293d95354084117b551b7c02"
        "mercaro.customers.customers": "038bf8291d8706f6bae01c0c34eab53abfaea4a946266c90f1c87f6fb59be53e"
        "relatio.customers.customers": "1a918604e7ba50086091602cc203d33621456647a95dd9f077fea642a69d34ad"
  order:
    basis_version: 1
    payload:
    - source_record_id
    - source_order_id
    - source_customer_id
    - order_date
    - order_status
    - currency
    - order_total
    - channel
    - customer_resolution_tier
    - customer_resolution_confidence
    hashdiff_basis:
    - source_record_id
    - source_order_id
    - source_customer_id
    - order_date
    - order_status
    - currency
    - order_total
    - channel
    - customer_resolution_tier
    - customer_resolution_confidence
    hashdiff_exclude: []
    projection_fingerprints:
      channel:
        "cartivo.orders.orders": "7e5d637f3cbea314a8c2303030479ad1d06ca80e49b1fb82f2d596bea891454e"
        "mercaro.orders.orders": "7e5d637f3cbea314a8c2303030479ad1d06ca80e49b1fb82f2d596bea891454e"
      currency:
        "cartivo.orders.orders": "2417cff1dd2a892e7589cdaa4d40f6c5b2defc1a34f1885f1090dd47b93c9e25"
        "mercaro.orders.orders": "2417cff1dd2a892e7589cdaa4d40f6c5b2defc1a34f1885f1090dd47b93c9e25"
      customer_resolution_confidence:
        "cartivo.orders.orders": "062565ccde9386db9d56ee3dbb2bc76d9467695724ca7de1f7c7a033c30a5328"
        "mercaro.orders.orders": "062565ccde9386db9d56ee3dbb2bc76d9467695724ca7de1f7c7a033c30a5328"
      customer_resolution_tier:
        "cartivo.orders.orders": "dc1af294e15dadbcc0885068ff83775853bc3b4e35d63321bf100ea26659d73c"
        "mercaro.orders.orders": "dc1af294e15dadbcc0885068ff83775853bc3b4e35d63321bf100ea26659d73c"
      order_date:
        "cartivo.orders.orders": "570f77c9f5809dcb31db695cff3a3efc92d7a8483eb4efa9861f3f543b4ac289"
        "mercaro.orders.orders": "570f77c9f5809dcb31db695cff3a3efc92d7a8483eb4efa9861f3f543b4ac289"
      order_status:
        "cartivo.orders.orders": "12dfc05e26e6d4e2cdc92e2b9d1df4075dea1a7dc2927f0520102c91f4c82851"
        "mercaro.orders.orders": "12dfc05e26e6d4e2cdc92e2b9d1df4075dea1a7dc2927f0520102c91f4c82851"
      order_total:
        "cartivo.orders.orders": "4b92f2d1d5995b0bbe5143446bb470a067941ca26ed6a6de51572907fc59fefe"
        "mercaro.orders.orders": "4b92f2d1d5995b0bbe5143446bb470a067941ca26ed6a6de51572907fc59fefe"
      source_customer_id:
        "cartivo.orders.orders": "73347fe544bf3b55428dad8207b4301b80471ea642564899d641844d2e035d4c"
        "mercaro.orders.orders": "4b666dd1421f30d90173487bd322de50dec8bba83a6b3d817482bc7580080fe3"
      source_order_id:
        "cartivo.orders.orders": "ec7e6c1dc041064304ddeae7e46526c5fa46d080f507ef9af139ee111c3582e2"
        "mercaro.orders.orders": "a03525b3d64d69bbd28e556b0cd8c64a56c17f307329e20d08caafbda981d8bd"
      source_record_id:
        "cartivo.orders.orders": "0e0e101cf6ef09ccf2dc4b7a5631606d379ff0d3293d95354084117b551b7c02"
        "mercaro.orders.orders": "038bf8291d8706f6bae01c0c34eab53abfaea4a946266c90f1c87f6fb59be53e"
  order_line:
    basis_version: 1
    payload:
    - source_record_id
    - source_order_id
    - source_product_id
    - line_number
    - quantity
    - unit_price
    - line_revenue
    - currency
    hashdiff_basis:
    - source_record_id
    - source_order_id
    - source_product_id
    - line_number
    - quantity
    - unit_price
    - line_revenue
    - currency
    hashdiff_exclude: []
    projection_fingerprints:
      currency:
        "cartivo.order_lines.order_lines": "2417cff1dd2a892e7589cdaa4d40f6c5b2defc1a34f1885f1090dd47b93c9e25"
        "mercaro.order_lines.order_lines": "2417cff1dd2a892e7589cdaa4d40f6c5b2defc1a34f1885f1090dd47b93c9e25"
      line_number:
        "cartivo.order_lines.order_lines": "d5b38c53687e0b659ae47cadaf5439ca66986906f84bf5f94094784b7e42b8c8"
        "mercaro.order_lines.order_lines": "d5b38c53687e0b659ae47cadaf5439ca66986906f84bf5f94094784b7e42b8c8"
      line_revenue:
        "cartivo.order_lines.order_lines": "355dd01e7548dd2a6b9a814e5f62229bc50d45e1c43c63e6cd46f3be0d0b128c"
        "mercaro.order_lines.order_lines": "355dd01e7548dd2a6b9a814e5f62229bc50d45e1c43c63e6cd46f3be0d0b128c"
      quantity:
        "cartivo.order_lines.order_lines": "5c83cd39a80ccdb301f022e00b9e4f879e0ec9d6f65dd2b06ce4910b598c5e9a"
        "mercaro.order_lines.order_lines": "5c83cd39a80ccdb301f022e00b9e4f879e0ec9d6f65dd2b06ce4910b598c5e9a"
      source_order_id:
        "cartivo.order_lines.order_lines": "ec7e6c1dc041064304ddeae7e46526c5fa46d080f507ef9af139ee111c3582e2"
        "mercaro.order_lines.order_lines": "a03525b3d64d69bbd28e556b0cd8c64a56c17f307329e20d08caafbda981d8bd"
      source_product_id:
        "cartivo.order_lines.order_lines": "f52e5b0364d61b88287f304ace0ad009355d30ad0fa0c96d29abb52dc775575f"
        "mercaro.order_lines.order_lines": "0dbc23c44db0508b6ebff8677d7df3d03eee66b52a0782c9ff043075636fbbce"
      source_record_id:
        "cartivo.order_lines.order_lines": "0e0e101cf6ef09ccf2dc4b7a5631606d379ff0d3293d95354084117b551b7c02"
        "mercaro.order_lines.order_lines": "038bf8291d8706f6bae01c0c34eab53abfaea4a946266c90f1c87f6fb59be53e"
      unit_price:
        "cartivo.order_lines.order_lines": "7dfd781d7f5303041a1707cb42ddc817daa5fc51556182545df0db93889b2a36"
        "mercaro.order_lines.order_lines": "7dfd781d7f5303041a1707cb42ddc817daa5fc51556182545df0db93889b2a36"
  product:
    basis_version: 1
    payload:
    - source_record_id
    - source_product_id
    - shared_product_code
    - product_name
    - brand
    - category
    - list_price
    - currency
    - product_status
    - as_of_date
    - product_resolution_tier
    - product_resolution_confidence
    hashdiff_basis:
    - source_record_id
    - source_product_id
    - shared_product_code
    - product_name
    - brand
    - category
    - list_price
    - currency
    - product_status
    - as_of_date
    - product_resolution_tier
    - product_resolution_confidence
    hashdiff_exclude: []
    projection_fingerprints:
      as_of_date:
        "cartivo.products.products": "f267ef34463f2994f9c29a6aeb8b3e1d96cf10e13ea68718282f6517e1a60b4f"
        "mercaro.products.products": "f267ef34463f2994f9c29a6aeb8b3e1d96cf10e13ea68718282f6517e1a60b4f"
      brand:
        "cartivo.products.products": "7b1a5662bd11409cf76087b9631a2aaef91e18f3ee568cad97d2958d85787351"
        "mercaro.products.products": "7b1a5662bd11409cf76087b9631a2aaef91e18f3ee568cad97d2958d85787351"
      category:
        "cartivo.products.products": "3a08383bc70b358f8f8fd8e4602a6ecdb24f6566d07e06021685f9ec2877abfc"
        "mercaro.products.products": "3a08383bc70b358f8f8fd8e4602a6ecdb24f6566d07e06021685f9ec2877abfc"
      currency:
        "cartivo.products.products": "2417cff1dd2a892e7589cdaa4d40f6c5b2defc1a34f1885f1090dd47b93c9e25"
        "mercaro.products.products": "2417cff1dd2a892e7589cdaa4d40f6c5b2defc1a34f1885f1090dd47b93c9e25"
      list_price:
        "cartivo.products.products": "64d5f98d7bd42fe12ab4e6cab76b70914591d1519fae15750191b15d3b133fec"
        "mercaro.products.products": "64d5f98d7bd42fe12ab4e6cab76b70914591d1519fae15750191b15d3b133fec"
      product_name:
        "cartivo.products.products": "c87b58539a9c84735e0be53210d1283ed5aac0d5cd0ee44bdc688d778d69cd78"
        "mercaro.products.products": "c87b58539a9c84735e0be53210d1283ed5aac0d5cd0ee44bdc688d778d69cd78"
      product_resolution_confidence:
        "cartivo.products.products": "941dc481e180d01c87eef1d44ec4202c150a13d11b04bee3283972270b4eebcc"
        "mercaro.products.products": "941dc481e180d01c87eef1d44ec4202c150a13d11b04bee3283972270b4eebcc"
      product_resolution_tier:
        "cartivo.products.products": "acc94f82c85f2f22d558409c0deb8e0787018fd12c123000aefcec52e7428e9e"
        "mercaro.products.products": "acc94f82c85f2f22d558409c0deb8e0787018fd12c123000aefcec52e7428e9e"
      product_status:
        "cartivo.products.products": "1314705f74d0b91f7b1898fd94e1cadc5688120e1b1a9fb14ec1d42d6194152c"
        "mercaro.products.products": "1314705f74d0b91f7b1898fd94e1cadc5688120e1b1a9fb14ec1d42d6194152c"
      shared_product_code:
        "cartivo.products.products": "ac05eb1bbf2150a72a04cf3e51e30df34d41961c8a7b7b0c92d5cf1c5d5678ea"
        "mercaro.products.products": "ac05eb1bbf2150a72a04cf3e51e30df34d41961c8a7b7b0c92d5cf1c5d5678ea"
      source_product_id:
        "cartivo.products.products": "f52e5b0364d61b88287f304ace0ad009355d30ad0fa0c96d29abb52dc775575f"
        "mercaro.products.products": "0dbc23c44db0508b6ebff8677d7df3d03eee66b52a0782c9ff043075636fbbce"
      source_record_id:
        "cartivo.products.products": "0e0e101cf6ef09ccf2dc4b7a5631606d379ff0d3293d95354084117b551b7c02"
        "mercaro.products.products": "038bf8291d8706f6bae01c0c34eab53abfaea4a946266c90f1c87f6fb59be53e"
