# Generated by ergasterion/emit.py from declarations/*.yml. Do not edit by hand.
# Evolution ledger for the investment domain. Per entity it records the payload
# column roster, the hashdiff basis (the exact column set the stored hashdiffs were
# computed over), the hashdiff_exclude set that basis consumed, the basis version,
# and resolved projection-expression fingerprints for every payload source route.
# The basis and the exclusion set together name the payload roster as it stood when the
# basis froze, which is the roster the basis-conflict grade runs against. Emit grades
# every later declared payload against this file: an extension enters the estate online
# with the basis frozen, and a removal, a rename or a type/expression redefinition
# raises an estate migration requirement.
# A pending_basis_version alongside pending_hashdiff_basis and pending_hashdiff_exclude
# records a re-baseline in flight: the basis the stored hashdiffs are being recomputed
# over. While it stands, emit and generated stage execution stop with a named error.
version: 2
domain: investment
entities:
  deal:
    basis_version: 1
    payload:
    - source_record_id
    - source_deal_id
    - external_deal_id
    - deal_name
    - target_entity_id
    - strategy
    - originating_team
    - source_channel
    - sourced_date
    - structure
    - converted_record_type
    - converted_record_id
    - deal_resolution_tier
    - deal_resolution_confidence
    hashdiff_basis:
    - source_record_id
    - source_deal_id
    - external_deal_id
    - deal_name
    - target_entity_id
    - strategy
    - originating_team
    - source_channel
    - sourced_date
    - structure
    - converted_record_type
    - converted_record_id
    - deal_resolution_tier
    - deal_resolution_confidence
    hashdiff_exclude: []
    projection_fingerprints:
      converted_record_id:
        "origo.deals.deals": "8d32c7ac8943b7398b8def26f0f1a787ba83bb378225988bcae5d662193e9536"
      converted_record_type:
        "origo.deals.deals": "bccf7a7016b068adfeaca72caa2046e5280bd6b09ce4a42b31cbabb2e57554cd"
      deal_name:
        "origo.deals.deals": "e08a6d2f40253eefb58654c7788d4fc3545893060a7c11ed101d6dc0123eb221"
      deal_resolution_confidence:
        "origo.deals.deals": "e6825c6ee7c69b7af9d49260f26d2ee78036ab5217826ad3478ee9216db2c8f6"
      deal_resolution_tier:
        "origo.deals.deals": "f44099878a501653776ee84291934b95477adb65ce030aa27795ddb1e44f6f67"
      external_deal_id:
        "origo.deals.deals": "ce9afc47fb2ba9c4a838b3a8599d6f88489fdb8a32e3751835464accf997ea68"
      originating_team:
        "origo.deals.deals": "5a521e4ce242816b9d76c412c4ab19363c704e5ee25f83f18f4a900570fbdd5b"
      source_channel:
        "origo.deals.deals": "3a5babe6f1aa4aa351222393051fa75dea231578d0157ad5bcd23bfe8d2a1cb6"
      source_deal_id:
        "origo.deals.deals": "145c347d707bbd31c7ece24388872aeec8959258104f395615e99b86ecfa203a"
      source_record_id:
        "origo.deals.deals": "145c347d707bbd31c7ece24388872aeec8959258104f395615e99b86ecfa203a"
      sourced_date:
        "origo.deals.deals": "38983c6db27cb382e5fbef0c8b39f4abbeb507304c551d90e5f9f6c4ee4bf299"
      strategy:
        "origo.deals.deals": "9af57f7ebc2ab7ff5dd8410bc3ec72638a57ce5668f035ee1c13f833d3331ca3"
      structure:
        "origo.deals.deals": "98b28f721fbb1110d0822773bd09cf3f442a8e36cbf5ba309f1d5ba6bb6880dd"
      target_entity_id:
        "origo.deals.deals": "f76608bbc7e4a98c35ad22f390cf7704b5bf517c8fa0898662ec576894c542c8"
  deal_fund_conversion:
    basis_version: 1
    payload:
    - source_deal_id
    - converted_record_type
    - converted_record_id
    hashdiff_basis:
    - source_deal_id
    - converted_record_type
    - converted_record_id
    hashdiff_exclude: []
    projection_fingerprints:
      converted_record_id:
        "origo.deals.deal_fund_conversion": "8d32c7ac8943b7398b8def26f0f1a787ba83bb378225988bcae5d662193e9536"
      converted_record_type:
        "origo.deals.deal_fund_conversion": "bccf7a7016b068adfeaca72caa2046e5280bd6b09ce4a42b31cbabb2e57554cd"
      source_deal_id:
        "origo.deals.deal_fund_conversion": "145c347d707bbd31c7ece24388872aeec8959258104f395615e99b86ecfa203a"
  deal_target_company:
    basis_version: 1
    payload:
    - source_deal_id
    - target_entity_id
    - target_company_external_id
    hashdiff_basis:
    - source_deal_id
    - target_entity_id
    - target_company_external_id
    hashdiff_exclude: []
    projection_fingerprints:
      source_deal_id:
        "origo.deals.deal_target_company": "145c347d707bbd31c7ece24388872aeec8959258104f395615e99b86ecfa203a"
      target_company_external_id:
        "origo.deals.deal_target_company": "f76608bbc7e4a98c35ad22f390cf7704b5bf517c8fa0898662ec576894c542c8"
      target_entity_id:
        "origo.deals.deal_target_company": "f76608bbc7e4a98c35ad22f390cf7704b5bf517c8fa0898662ec576894c542c8"
  fund:
    basis_version: 1
    payload:
    - source_record_id
    - source_fund_id
    - source_gp_id
    - fund_name
    - fund_family_name
    - vehicle_type
    - gp_name
    - lei
    - shared_external_id
    - asset_class
    - strategy
    - vintage_year
    - committed_capital_usd
    - currency
    - domicile
    - fund_status
    - as_of_date
    - fund_resolution_tier
    - fund_resolution_confidence
    hashdiff_basis:
    - source_record_id
    - source_fund_id
    - source_gp_id
    - fund_name
    - fund_family_name
    - vehicle_type
    - gp_name
    - lei
    - shared_external_id
    - asset_class
    - strategy
    - vintage_year
    - committed_capital_usd
    - currency
    - domicile
    - fund_status
    - as_of_date
    - fund_resolution_tier
    - fund_resolution_confidence
    hashdiff_exclude: []
    projection_fingerprints:
      as_of_date:
        "chrono.funds.funds": "6b169bce7eba6823bd5e4405be176c576e95301326d832218074647ea3447ce8"
        "meridex.funds.funds": "e1a904a2d8444be78163b83c309f6b27fce89ee644c87ff1ff076ed33420c614"
        "portiq.funds.funds": "e1a904a2d8444be78163b83c309f6b27fce89ee644c87ff1ff076ed33420c614"
        "vantora.funds.funds": "f267ef34463f2994f9c29a6aeb8b3e1d96cf10e13ea68718282f6517e1a60b4f"
      asset_class:
        "chrono.funds.funds": "8d7209a937109fe6e1442a4cead6dc6c002ac082d91abeb8032ef44a17f93915"
        "meridex.funds.funds": "5eb6c96a11010da6b006c6c2084038c79e6a75243edb9aae6b8c48ef4f27503b"
        "portiq.funds.funds": "5eb6c96a11010da6b006c6c2084038c79e6a75243edb9aae6b8c48ef4f27503b"
        "vantora.funds.funds": "5eb6c96a11010da6b006c6c2084038c79e6a75243edb9aae6b8c48ef4f27503b"
      committed_capital_usd:
        "chrono.funds.funds": "83edb168cd93cea77a9abe16b417e1dfa4a418c811e5eadf0e01e28cf530d857"
        "meridex.funds.funds": "3ded34447688b2821f79f32e527b0678b95d28e5d4870cb0599851968b51bd3c"
        "portiq.funds.funds": "3ded34447688b2821f79f32e527b0678b95d28e5d4870cb0599851968b51bd3c"
        "vantora.funds.funds": "8ba392c2a5e8a9c0655d1b6052fe0224aaffb70a727348e68f0b9dfa99b5168a"
      currency:
        "chrono.funds.funds": "574c652bb58b9e3b28521e48addf46ef1e5efafdd64bf8c981c7f9040aaedd2e"
        "meridex.funds.funds": "2417cff1dd2a892e7589cdaa4d40f6c5b2defc1a34f1885f1090dd47b93c9e25"
        "portiq.funds.funds": "2417cff1dd2a892e7589cdaa4d40f6c5b2defc1a34f1885f1090dd47b93c9e25"
        "vantora.funds.funds": "2417cff1dd2a892e7589cdaa4d40f6c5b2defc1a34f1885f1090dd47b93c9e25"
      domicile:
        "chrono.funds.funds": "b9b3bdc2bc06c27bd3e359225154c19c9cc7c9d04d78a74e67849fcd9dd20e42"
        "meridex.funds.funds": "9a7465f1bde31e9451add026fe66d3af82510988e3a953da1b8c326472927440"
        "portiq.funds.funds": "ad14ad62d43ef4be7faff1b1fa1ecb98aad8a0c0e115a3c8da4582b3b0e53166"
        "vantora.funds.funds": "9a7465f1bde31e9451add026fe66d3af82510988e3a953da1b8c326472927440"
      fund_family_name:
        "chrono.funds.funds": "09869b7ec56b738ab07f54845bc77f29481c91a1b6b4b440ada8abff216c6508"
        "meridex.funds.funds": "ad14ad62d43ef4be7faff1b1fa1ecb98aad8a0c0e115a3c8da4582b3b0e53166"
        "portiq.funds.funds": "ad14ad62d43ef4be7faff1b1fa1ecb98aad8a0c0e115a3c8da4582b3b0e53166"
        "vantora.funds.funds": "080439652d9f96ef5c71516454d216789a8a16faa0521054e6470f2687d60c48"
      fund_name:
        "chrono.funds.funds": "96afa12fbe33ef54786984f48003b68b9baea104db5191730a140bd8604508d7"
        "meridex.funds.funds": "5f410cbeedffb4fe28055aa4d73cb8aaa3b260dd9f2dedf8b979b1c17c561851"
        "portiq.funds.funds": "5f410cbeedffb4fe28055aa4d73cb8aaa3b260dd9f2dedf8b979b1c17c561851"
        "vantora.funds.funds": "5f410cbeedffb4fe28055aa4d73cb8aaa3b260dd9f2dedf8b979b1c17c561851"
      fund_resolution_confidence:
        "chrono.funds.funds": "3f630e785f5cc91b4fcc08d701f4498ec5949f460e78f75209cd8b7b72da2643"
        "meridex.funds.funds": "3f630e785f5cc91b4fcc08d701f4498ec5949f460e78f75209cd8b7b72da2643"
        "portiq.funds.funds": "3f630e785f5cc91b4fcc08d701f4498ec5949f460e78f75209cd8b7b72da2643"
        "vantora.funds.funds": "3f630e785f5cc91b4fcc08d701f4498ec5949f460e78f75209cd8b7b72da2643"
      fund_resolution_tier:
        "chrono.funds.funds": "b6f57152a2628d0845a7db9426c1ce3ae2da18d76823084a58a37eadca111425"
        "meridex.funds.funds": "b6f57152a2628d0845a7db9426c1ce3ae2da18d76823084a58a37eadca111425"
        "portiq.funds.funds": "b6f57152a2628d0845a7db9426c1ce3ae2da18d76823084a58a37eadca111425"
        "vantora.funds.funds": "b6f57152a2628d0845a7db9426c1ce3ae2da18d76823084a58a37eadca111425"
      fund_status:
        "chrono.funds.funds": "89be780ee129a295a3811fca3feedb6b678abc3ad730c2bd56cb2a66b124abf4"
        "meridex.funds.funds": "ad14ad62d43ef4be7faff1b1fa1ecb98aad8a0c0e115a3c8da4582b3b0e53166"
        "portiq.funds.funds": "ad14ad62d43ef4be7faff1b1fa1ecb98aad8a0c0e115a3c8da4582b3b0e53166"
        "vantora.funds.funds": "21f4698890debd74105a21e77a79e0075845c42a004f5712b03bb1491acd2c70"
      gp_name:
        "chrono.funds.funds": "1c80853b29005bad9393f1aba6212e870c533128a45de901cada580cd7ffb0c5"
        "meridex.funds.funds": "3da9399e09ad6996febe18f4e934c681bf7f5ba93658aa258bb27729c3600e3a"
        "portiq.funds.funds": "3da9399e09ad6996febe18f4e934c681bf7f5ba93658aa258bb27729c3600e3a"
        "vantora.funds.funds": "3da9399e09ad6996febe18f4e934c681bf7f5ba93658aa258bb27729c3600e3a"
      lei:
        "chrono.funds.funds": "649b897ff2f481031ea90ac1351ddba9040878d6075c2c943758a11113480571"
        "meridex.funds.funds": "4bd7753786b67da3c8f3b765b93c8a4661c306470f5e2c856e05804a15bbd290"
        "portiq.funds.funds": "4bd7753786b67da3c8f3b765b93c8a4661c306470f5e2c856e05804a15bbd290"
        "vantora.funds.funds": "4bd7753786b67da3c8f3b765b93c8a4661c306470f5e2c856e05804a15bbd290"
      shared_external_id:
        "chrono.funds.funds": "3d640acb4961e683ee9bcfef1593ad60be3486024034c95b1d10358957b74c44"
        "meridex.funds.funds": "bf91d3898043cd1a5a3b6ee6974ac13074f24211676cc6b2173b861ca7baf446"
        "portiq.funds.funds": "bf91d3898043cd1a5a3b6ee6974ac13074f24211676cc6b2173b861ca7baf446"
        "vantora.funds.funds": "bf91d3898043cd1a5a3b6ee6974ac13074f24211676cc6b2173b861ca7baf446"
      source_fund_id:
        "chrono.funds.funds": "308c838056d7ad10bee9f41948b37ec6645b929837477ed13d234e1374e32fb8"
        "meridex.funds.funds": "8b18db705ea31124e5c7caf4b48e39d95e749a6b09f9a5f26b9a9274c527c1eb"
        "portiq.funds.funds": "b9afe55422d40d22b635d831609a21db5c0fe68b7377aeb196416c8c49f2d62e"
        "vantora.funds.funds": "0d0e6385298e289ef663e0e0b05f29dced00d7161373ab420449b5ee352c9525"
      source_gp_id:
        "chrono.funds.funds": "5181d27621aaa8a8002a1df89456b5c066a621caa685987556047dbbe3321337"
        "meridex.funds.funds": "2e56a8810be0c9dc73c60dde4f8bad3e33fafb6108269742edf2946a00f971c9"
        "portiq.funds.funds": "e69b34caf689e676d447f8f070bdcc49f96e394380b784d1a636925b8b0225aa"
        "vantora.funds.funds": "011838a94cb26f5d6898849b98b65dbbc802cd61cb39bafe3eca180164749822"
      source_record_id:
        "chrono.funds.funds": "2f6f8f9955b51bb0e6992943b6acf35edaebad4761c7b14766895bbde7d8154a"
        "meridex.funds.funds": "8b18db705ea31124e5c7caf4b48e39d95e749a6b09f9a5f26b9a9274c527c1eb"
        "portiq.funds.funds": "b9afe55422d40d22b635d831609a21db5c0fe68b7377aeb196416c8c49f2d62e"
        "vantora.funds.funds": "0e397a05880cb5cb85174a13c1ef96a1f15bc151aa8515ee15987d003aa4f544"
      strategy:
        "chrono.funds.funds": "c6651496aab8965185d605b6876fe77c8d7e68d89fd7b60282f33e576649529d"
        "meridex.funds.funds": "9af57f7ebc2ab7ff5dd8410bc3ec72638a57ce5668f035ee1c13f833d3331ca3"
        "portiq.funds.funds": "9af57f7ebc2ab7ff5dd8410bc3ec72638a57ce5668f035ee1c13f833d3331ca3"
        "vantora.funds.funds": "9af57f7ebc2ab7ff5dd8410bc3ec72638a57ce5668f035ee1c13f833d3331ca3"
      vehicle_type:
        "chrono.funds.funds": "91ff79c766c05f790bba402fccd40cfc0695ff69df24a83f724fc9d4ec9d2747"
        "meridex.funds.funds": "ad14ad62d43ef4be7faff1b1fa1ecb98aad8a0c0e115a3c8da4582b3b0e53166"
        "portiq.funds.funds": "ad14ad62d43ef4be7faff1b1fa1ecb98aad8a0c0e115a3c8da4582b3b0e53166"
        "vantora.funds.funds": "45093c365cb5088665f315e2124551ab9997d53e12d036113226b84895010f4f"
      vintage_year:
        "chrono.funds.funds": "bc813a7d04c60b51a4d5c4e56278379ed14f13ed8d82a2eaca28444e2a2ee956"
        "meridex.funds.funds": "cf02fd3b43c4251834a7c9eef21cf683c70a28c9c062aceb7d304096b3de1f65"
        "portiq.funds.funds": "cf02fd3b43c4251834a7c9eef21cf683c70a28c9c062aceb7d304096b3de1f65"
        "vantora.funds.funds": "cf02fd3b43c4251834a7c9eef21cf683c70a28c9c062aceb7d304096b3de1f65"
  fund_cash_flow:
    basis_version: 1
    payload:
    - cash_flow_id
    - source_fund_id
    - cash_flow_date
    - cash_flow_type
    - direction
    - amount_usd
    - currency
    - fund_resolution_tier
    - fund_resolution_confidence
    hashdiff_basis:
    - cash_flow_id
    - source_fund_id
    - cash_flow_date
    - cash_flow_type
    - direction
    - amount_usd
    - currency
    - fund_resolution_tier
    - fund_resolution_confidence
    hashdiff_exclude: []
    projection_fingerprints:
      amount_usd:
        "chrono.cash_flows.cash_flows": "10082c4f9dcb84e29a613ef061539883f976d48a47e9b665823606a4a7f7a5b2"
        "meridex.cash_flows.cash_flows": "5f65d0163a2a7efe29c839625eba380a68573d83431364d39312fbad69bd9ffc"
        "portiq.cash_flows.cash_flows": "5f65d0163a2a7efe29c839625eba380a68573d83431364d39312fbad69bd9ffc"
        "vantora.cash_flows.cash_flows": "5f65d0163a2a7efe29c839625eba380a68573d83431364d39312fbad69bd9ffc"
      cash_flow_date:
        "chrono.cash_flows.cash_flows": "43b9a7de2684272131fa1877aafe6525b4124d6ecc4a70de92fec0ba473ce05d"
        "meridex.cash_flows.cash_flows": "3a6ac0be9690b783a84ae6f1034bd947e4d596dc093b47524fb2ea0860df2913"
        "portiq.cash_flows.cash_flows": "3a6ac0be9690b783a84ae6f1034bd947e4d596dc093b47524fb2ea0860df2913"
        "vantora.cash_flows.cash_flows": "3a6ac0be9690b783a84ae6f1034bd947e4d596dc093b47524fb2ea0860df2913"
      cash_flow_id:
        "chrono.cash_flows.cash_flows": "7f56705584edc1fd01d9eab1a7e69e654d0626a470407648176ae2c117290415"
        "meridex.cash_flows.cash_flows": "966f93e5ea729b345a5c787d5bf5e4a58f5fdff082ae20faabaf9cc7796cd383"
        "portiq.cash_flows.cash_flows": "966f93e5ea729b345a5c787d5bf5e4a58f5fdff082ae20faabaf9cc7796cd383"
        "vantora.cash_flows.cash_flows": "966f93e5ea729b345a5c787d5bf5e4a58f5fdff082ae20faabaf9cc7796cd383"
      cash_flow_type:
        "chrono.cash_flows.cash_flows": "3dffed686cd229bf4b4138c69bdf9dd1acdfb71a4e3fba105dc5aa30e3443d3b"
        "meridex.cash_flows.cash_flows": "f2b2a6f061ca0f61b5051cf43109a0d11b86e4ae152a1d3c7014b5c09a58d325"
        "portiq.cash_flows.cash_flows": "f2b2a6f061ca0f61b5051cf43109a0d11b86e4ae152a1d3c7014b5c09a58d325"
        "vantora.cash_flows.cash_flows": "f2b2a6f061ca0f61b5051cf43109a0d11b86e4ae152a1d3c7014b5c09a58d325"
      currency:
        "chrono.cash_flows.cash_flows": "ee22f72cfc1e9dfd0d194ca4146c44157f8ff1e3ddb40e4f1791d1e65c42262c"
        "meridex.cash_flows.cash_flows": "2417cff1dd2a892e7589cdaa4d40f6c5b2defc1a34f1885f1090dd47b93c9e25"
        "portiq.cash_flows.cash_flows": "2417cff1dd2a892e7589cdaa4d40f6c5b2defc1a34f1885f1090dd47b93c9e25"
        "vantora.cash_flows.cash_flows": "2417cff1dd2a892e7589cdaa4d40f6c5b2defc1a34f1885f1090dd47b93c9e25"
      direction:
        "chrono.cash_flows.cash_flows": "b64667350a5377a895feec1061a57c24b1f33d75f8da1d99a20e0d7a48f8e601"
        "meridex.cash_flows.cash_flows": "6782c983970363240f19380d61004b563d952c72ff5f010508582a62a1f8df14"
        "portiq.cash_flows.cash_flows": "6782c983970363240f19380d61004b563d952c72ff5f010508582a62a1f8df14"
        "vantora.cash_flows.cash_flows": "6782c983970363240f19380d61004b563d952c72ff5f010508582a62a1f8df14"
      fund_resolution_confidence:
        "chrono.cash_flows.cash_flows": "3f630e785f5cc91b4fcc08d701f4498ec5949f460e78f75209cd8b7b72da2643"
        "meridex.cash_flows.cash_flows": "3f630e785f5cc91b4fcc08d701f4498ec5949f460e78f75209cd8b7b72da2643"
        "portiq.cash_flows.cash_flows": "3f630e785f5cc91b4fcc08d701f4498ec5949f460e78f75209cd8b7b72da2643"
        "vantora.cash_flows.cash_flows": "3f630e785f5cc91b4fcc08d701f4498ec5949f460e78f75209cd8b7b72da2643"
      fund_resolution_tier:
        "chrono.cash_flows.cash_flows": "b6f57152a2628d0845a7db9426c1ce3ae2da18d76823084a58a37eadca111425"
        "meridex.cash_flows.cash_flows": "b6f57152a2628d0845a7db9426c1ce3ae2da18d76823084a58a37eadca111425"
        "portiq.cash_flows.cash_flows": "b6f57152a2628d0845a7db9426c1ce3ae2da18d76823084a58a37eadca111425"
        "vantora.cash_flows.cash_flows": "b6f57152a2628d0845a7db9426c1ce3ae2da18d76823084a58a37eadca111425"
      source_fund_id:
        "chrono.cash_flows.cash_flows": "e8108ea3853bbd2d3270579791c76973ee6c5173456a3763cc7811a78375f9fe"
        "meridex.cash_flows.cash_flows": "8b18db705ea31124e5c7caf4b48e39d95e749a6b09f9a5f26b9a9274c527c1eb"
        "portiq.cash_flows.cash_flows": "b9afe55422d40d22b635d831609a21db5c0fe68b7377aeb196416c8c49f2d62e"
        "vantora.cash_flows.cash_flows": "0d0e6385298e289ef663e0e0b05f29dced00d7161373ab420449b5ee352c9525"
  fund_valuation:
    basis_version: 1
    payload:
    - valuation_id
    - source_fund_id
    - source_company_id
    - valuation_date
    - value_usd
    - method
    - valuation_level
    - confidence_score
    - golden_portfolio_company_key
    - fund_resolution_tier
    - fund_resolution_confidence
    - portfolio_company_resolution_tier
    - portfolio_company_resolution_confidence
    hashdiff_basis:
    - valuation_id
    - source_fund_id
    - source_company_id
    - valuation_date
    - value_usd
    - method
    - valuation_level
    - confidence_score
    - fund_resolution_tier
    - fund_resolution_confidence
    - portfolio_company_resolution_tier
    - portfolio_company_resolution_confidence
    hashdiff_exclude:
    - golden_portfolio_company_key
    projection_fingerprints:
      confidence_score:
        "chrono.valuations.valuations": "99cdf2d78a4e2de20cc520b8147bf8888ae1c7b4639be13c92557073922cc5f1"
        "vantora.valuations.valuations": "9036ecc407149b4194f2486efcb67e4458983d00ab4d5cacfd0f0cbebc8bfd8d"
      fund_resolution_confidence:
        "chrono.valuations.valuations": "3f630e785f5cc91b4fcc08d701f4498ec5949f460e78f75209cd8b7b72da2643"
        "vantora.valuations.valuations": "3f630e785f5cc91b4fcc08d701f4498ec5949f460e78f75209cd8b7b72da2643"
      fund_resolution_tier:
        "chrono.valuations.valuations": "b6f57152a2628d0845a7db9426c1ce3ae2da18d76823084a58a37eadca111425"
        "vantora.valuations.valuations": "b6f57152a2628d0845a7db9426c1ce3ae2da18d76823084a58a37eadca111425"
      golden_portfolio_company_key:
        "chrono.valuations.valuations": "fbb2e7637af8a73e96dfdc67bb8c054bbadb8ed30e19e059c3b5ae9a0ad48777"
        "vantora.valuations.valuations": "fbb2e7637af8a73e96dfdc67bb8c054bbadb8ed30e19e059c3b5ae9a0ad48777"
      method:
        "chrono.valuations.valuations": "8e48262ee03db9c47724d8bbf7b3952b2444e1ff904df731b5426534a4f51947"
        "vantora.valuations.valuations": "43b360f4828e686efe48ecf02f4ddcef2f3ce4fe266831d6e1d803515009f848"
      portfolio_company_resolution_confidence:
        "chrono.valuations.valuations": "26b9e5aae38306e704e43e8ecc354806d64b7b9117d004682eedd8eb32bb1909"
        "vantora.valuations.valuations": "26b9e5aae38306e704e43e8ecc354806d64b7b9117d004682eedd8eb32bb1909"
      portfolio_company_resolution_tier:
        "chrono.valuations.valuations": "c884acfa1a765c8b17e7fe4773280d04177d220284d4372bea3ee54266200aab"
        "vantora.valuations.valuations": "c884acfa1a765c8b17e7fe4773280d04177d220284d4372bea3ee54266200aab"
      source_company_id:
        "chrono.valuations.valuations": "eb49e0de496b11c4667864833d69dcaa37a40c668c5d08e4ab76b108543c1cee"
        "vantora.valuations.valuations": "2fc01e386edcc6ffa744a01daee1697565f4cc733aeb32037c842b73649b0e0a"
      source_fund_id:
        "chrono.valuations.valuations": "e8108ea3853bbd2d3270579791c76973ee6c5173456a3763cc7811a78375f9fe"
        "vantora.valuations.valuations": "0d0e6385298e289ef663e0e0b05f29dced00d7161373ab420449b5ee352c9525"
      valuation_date:
        "chrono.valuations.valuations": "a4539c0bc3aa770571b63476a60b3d846b991d443696516956bbb0757fe26b2b"
        "vantora.valuations.valuations": "4b1f4b85cd0dcf2084795c55233f4357ce0b8d8bd29ee781eb7d8f7a717c2a5a"
      valuation_id:
        "chrono.valuations.valuations": "0d673402403746d8137c59312d1a69fd18cc50cdad185cfc6af280f8ae2dcb86"
        "vantora.valuations.valuations": "17069e30c2912f9783b575a30d64454de5b5e859fc957fd8f2270383fe8f98be"
      valuation_level:
        "chrono.valuations.valuations": "95d939720c2741cf79859dfd08a89cbfe37281d4d5a3654d35766ea9d4d6686d"
        "vantora.valuations.valuations": "5037a16fc50cdfd94468a5c6fc4ae41e43ce66f06e81abffd544e03bb5e63f3b"
      value_usd:
        "chrono.valuations.valuations": "904aec54e07e276832e4fd6b07ba0031d1e50acbb21cc32dcbd85416022d0f16"
        "vantora.valuations.valuations": "3b498cd54a5e59bc1f536a1a02496571f94aaaff03d208ed8b17960c8e2110f5"
  gp:
    basis_version: 1
    payload:
    - source_gp_id
    - source_fund_id
    - gp_name
    - lei
    - shared_external_id
    - domicile
    - relationship_start_date
    - gp_resolution_tier
    - gp_resolution_confidence
    hashdiff_basis:
    - source_gp_id
    - source_fund_id
    - gp_name
    - lei
    - shared_external_id
    - domicile
    - relationship_start_date
    - gp_resolution_tier
    - gp_resolution_confidence
    hashdiff_exclude: []
    projection_fingerprints:
      domicile:
        "chrono.funds.gps": "b9b3bdc2bc06c27bd3e359225154c19c9cc7c9d04d78a74e67849fcd9dd20e42"
        "meridex.funds.gps": "9a7465f1bde31e9451add026fe66d3af82510988e3a953da1b8c326472927440"
        "portiq.funds.gps": "ad14ad62d43ef4be7faff1b1fa1ecb98aad8a0c0e115a3c8da4582b3b0e53166"
        "vantora.gps.gps": "9a7465f1bde31e9451add026fe66d3af82510988e3a953da1b8c326472927440"
      gp_name:
        "chrono.funds.gps": "1c80853b29005bad9393f1aba6212e870c533128a45de901cada580cd7ffb0c5"
        "meridex.funds.gps": "3da9399e09ad6996febe18f4e934c681bf7f5ba93658aa258bb27729c3600e3a"
        "portiq.funds.gps": "3da9399e09ad6996febe18f4e934c681bf7f5ba93658aa258bb27729c3600e3a"
        "vantora.gps.gps": "3da9399e09ad6996febe18f4e934c681bf7f5ba93658aa258bb27729c3600e3a"
      gp_resolution_confidence:
        "chrono.funds.gps": "e09962026857e514125909ed940d46e3e71ea4033454629194f579042ca4a057"
        "meridex.funds.gps": "e09962026857e514125909ed940d46e3e71ea4033454629194f579042ca4a057"
        "portiq.funds.gps": "e09962026857e514125909ed940d46e3e71ea4033454629194f579042ca4a057"
        "vantora.gps.gps": "e09962026857e514125909ed940d46e3e71ea4033454629194f579042ca4a057"
      gp_resolution_tier:
        "chrono.funds.gps": "e44f482afc2741e4dc94bab64fbab5b3d4df890079e240aa2855d92e29b033c3"
        "meridex.funds.gps": "e44f482afc2741e4dc94bab64fbab5b3d4df890079e240aa2855d92e29b033c3"
        "portiq.funds.gps": "e44f482afc2741e4dc94bab64fbab5b3d4df890079e240aa2855d92e29b033c3"
        "vantora.gps.gps": "e44f482afc2741e4dc94bab64fbab5b3d4df890079e240aa2855d92e29b033c3"
      lei:
        "chrono.funds.gps": "d17b4589d9c30c4eb6091d9974f1051b62f583ae215b53965f4efa5b03aebc99"
        "meridex.funds.gps": "208639620b6fbcf37a0e17fb72fc83adc57908d4878111aab54855eec7b7e406"
        "portiq.funds.gps": "208639620b6fbcf37a0e17fb72fc83adc57908d4878111aab54855eec7b7e406"
        "vantora.gps.gps": "208639620b6fbcf37a0e17fb72fc83adc57908d4878111aab54855eec7b7e406"
      relationship_start_date:
        "chrono.funds.gps": "e1a904a2d8444be78163b83c309f6b27fce89ee644c87ff1ff076ed33420c614"
        "meridex.funds.gps": "e1a904a2d8444be78163b83c309f6b27fce89ee644c87ff1ff076ed33420c614"
        "portiq.funds.gps": "e1a904a2d8444be78163b83c309f6b27fce89ee644c87ff1ff076ed33420c614"
        "vantora.gps.gps": "6f2bfe82d9758321079f73b600082061e4bdb2e6aa012e60ea201013250fa257"
      shared_external_id:
        "chrono.funds.gps": "ad14ad62d43ef4be7faff1b1fa1ecb98aad8a0c0e115a3c8da4582b3b0e53166"
        "meridex.funds.gps": "ad14ad62d43ef4be7faff1b1fa1ecb98aad8a0c0e115a3c8da4582b3b0e53166"
        "portiq.funds.gps": "ad14ad62d43ef4be7faff1b1fa1ecb98aad8a0c0e115a3c8da4582b3b0e53166"
        "vantora.gps.gps": "bf91d3898043cd1a5a3b6ee6974ac13074f24211676cc6b2173b861ca7baf446"
      source_fund_id:
        "chrono.funds.gps": "308c838056d7ad10bee9f41948b37ec6645b929837477ed13d234e1374e32fb8"
        "meridex.funds.gps": "8b18db705ea31124e5c7caf4b48e39d95e749a6b09f9a5f26b9a9274c527c1eb"
        "portiq.funds.gps": "b9afe55422d40d22b635d831609a21db5c0fe68b7377aeb196416c8c49f2d62e"
        "vantora.gps.gps": "ad14ad62d43ef4be7faff1b1fa1ecb98aad8a0c0e115a3c8da4582b3b0e53166"
      source_gp_id:
        "chrono.funds.gps": "5181d27621aaa8a8002a1df89456b5c066a621caa685987556047dbbe3321337"
        "meridex.funds.gps": "2e56a8810be0c9dc73c60dde4f8bad3e33fafb6108269742edf2946a00f971c9"
        "portiq.funds.gps": "e69b34caf689e676d447f8f070bdcc49f96e394380b784d1a636925b8b0225aa"
        "vantora.gps.gps": "9b8062cc8a7031400efd596414134c44a9ea3ce8d1d56834d270457a815cdab0"
  gp_succession:
    basis_version: 1
    payload:
    - succession_event_id
    - predecessor_source_gp_id
    - successor_source_gp_id
    - event_type
    - effective_date
    hashdiff_basis:
    - succession_event_id
    - predecessor_source_gp_id
    - successor_source_gp_id
    - event_type
    - effective_date
    hashdiff_exclude: []
    projection_fingerprints:
      effective_date:
        "vantora.succession_events.succession_events": "f0818bc28c0015b7128639de09f395bb13b6836dffc784dd40c81b3e6b5a7f76"
      event_type:
        "vantora.succession_events.succession_events": "2e5b5ba55d66d4d90757cb2b9348093f46855101742b2629d8db7b7db226f47c"
      predecessor_source_gp_id:
        "vantora.succession_events.succession_events": "15fe1afec826df202c074457ee0af3a4c97c9816050cea313e2a640e4cf8302e"
      succession_event_id:
        "vantora.succession_events.succession_events": "ad9dbaaafbe3aa5e233f136cda1d9cce19431ad4d39acf6ef5bf6d255e3ba268"
      successor_source_gp_id:
        "vantora.succession_events.succession_events": "bedd00bf1188f11e175c6f10871cfa807831c5b75808f4170244c72b8fddb456"
  legal_vehicle:
    basis_version: 1
    payload:
    - vehicle_natural_id
    - source_fund_id
    - parent_vehicle_id
    - vehicle_name
    - vehicle_type
    - jurisdiction
    - incorporation_date
    - lei
    hashdiff_basis:
    - vehicle_natural_id
    - source_fund_id
    - parent_vehicle_id
    - vehicle_name
    - vehicle_type
    - jurisdiction
    - incorporation_date
    - lei
    hashdiff_exclude: []
    projection_fingerprints:
      incorporation_date:
        "meridex.legal_vehicles.legal_vehicles": "9a7413a0fe7be28e999617e1edbbdd8f7bad0c83196d4d66147a80a2300bfad1"
        "vantora.legal_vehicles.legal_vehicles": "9a7413a0fe7be28e999617e1edbbdd8f7bad0c83196d4d66147a80a2300bfad1"
      jurisdiction:
        "meridex.legal_vehicles.legal_vehicles": "2261aa12b11e4b7a8fde7d4a0fefd0aa9ca22c1e276a262a4dd8127b5845a91d"
        "vantora.legal_vehicles.legal_vehicles": "2261aa12b11e4b7a8fde7d4a0fefd0aa9ca22c1e276a262a4dd8127b5845a91d"
      lei:
        "meridex.legal_vehicles.legal_vehicles": "035923a54fe7ece1cbf7a960bd8b6c15832a883d9862350e8d00cd46dbe12f36"
        "vantora.legal_vehicles.legal_vehicles": "035923a54fe7ece1cbf7a960bd8b6c15832a883d9862350e8d00cd46dbe12f36"
      parent_vehicle_id:
        "meridex.legal_vehicles.legal_vehicles": "06ea62d69eb5b2c9c1dde4524e08f742f6656db2c067c3d58e2485f9b342e624"
        "vantora.legal_vehicles.legal_vehicles": "06ea62d69eb5b2c9c1dde4524e08f742f6656db2c067c3d58e2485f9b342e624"
      source_fund_id:
        "meridex.legal_vehicles.legal_vehicles": "8b18db705ea31124e5c7caf4b48e39d95e749a6b09f9a5f26b9a9274c527c1eb"
        "vantora.legal_vehicles.legal_vehicles": "0d0e6385298e289ef663e0e0b05f29dced00d7161373ab420449b5ee352c9525"
      vehicle_name:
        "meridex.legal_vehicles.legal_vehicles": "a1a444788f60d7b8f4d8ec60188b227a1b9c0bf1f0a3a31540a3ed83e022ce2c"
        "vantora.legal_vehicles.legal_vehicles": "a1a444788f60d7b8f4d8ec60188b227a1b9c0bf1f0a3a31540a3ed83e022ce2c"
      vehicle_natural_id:
        "meridex.legal_vehicles.legal_vehicles": "da2421e06576b64ff9978bdefe70c989460cbfba0e537f9a8eaa7a4266baa7e2"
        "vantora.legal_vehicles.legal_vehicles": "da2421e06576b64ff9978bdefe70c989460cbfba0e537f9a8eaa7a4266baa7e2"
      vehicle_type:
        "meridex.legal_vehicles.legal_vehicles": "45093c365cb5088665f315e2124551ab9997d53e12d036113226b84895010f4f"
        "vantora.legal_vehicles.legal_vehicles": "45093c365cb5088665f315e2124551ab9997d53e12d036113226b84895010f4f"
  legal_vehicle_cash_flow:
    basis_version: 1
    payload:
    - cash_flow_id
    - vehicle_natural_id
    - cash_flow_date
    - cash_flow_type
    - direction
    - amount_usd
    - currency
    hashdiff_basis:
    - cash_flow_id
    - vehicle_natural_id
    - cash_flow_date
    - cash_flow_type
    - direction
    - amount_usd
    - currency
    hashdiff_exclude: []
    projection_fingerprints:
      amount_usd:
        "vantora.vehicle_cash_flows.vehicle_cash_flows": "5f65d0163a2a7efe29c839625eba380a68573d83431364d39312fbad69bd9ffc"
      cash_flow_date:
        "vantora.vehicle_cash_flows.vehicle_cash_flows": "3a6ac0be9690b783a84ae6f1034bd947e4d596dc093b47524fb2ea0860df2913"
      cash_flow_id:
        "vantora.vehicle_cash_flows.vehicle_cash_flows": "2b52a30ad7367006180dc82ea402180040a0ef7973d713bd31151ecb38e11222"
      cash_flow_type:
        "vantora.vehicle_cash_flows.vehicle_cash_flows": "f2b2a6f061ca0f61b5051cf43109a0d11b86e4ae152a1d3c7014b5c09a58d325"
      currency:
        "vantora.vehicle_cash_flows.vehicle_cash_flows": "2417cff1dd2a892e7589cdaa4d40f6c5b2defc1a34f1885f1090dd47b93c9e25"
      direction:
        "vantora.vehicle_cash_flows.vehicle_cash_flows": "6782c983970363240f19380d61004b563d952c72ff5f010508582a62a1f8df14"
      vehicle_natural_id:
        "vantora.vehicle_cash_flows.vehicle_cash_flows": "da2421e06576b64ff9978bdefe70c989460cbfba0e537f9a8eaa7a4266baa7e2"
  portfolio_company:
    basis_version: 1
    payload:
    - source_company_id
    - source_fund_id
    - company_name
    - lei
    - shared_external_id
    - sector
    - sub_sector
    - country
    - status
    - first_seen_at
    - portfolio_company_resolution_tier
    - portfolio_company_resolution_confidence
    hashdiff_basis:
    - source_company_id
    - source_fund_id
    - company_name
    - lei
    - shared_external_id
    - sector
    - sub_sector
    - country
    - status
    - first_seen_at
    - portfolio_company_resolution_tier
    - portfolio_company_resolution_confidence
    hashdiff_exclude: []
    projection_fingerprints:
      company_name:
        "chrono.portfolio_companies.portfolio_companies": "d73c1cab49ba13706865d74dbbe49d53790c88fb47fddb000bc9c9f0c11e7754"
        "meridex.portfolio_companies.portfolio_companies": "a2c070ecae75bd7b14e82e21adf200dfc9c92913b2112cef89b5dd2f2088ab58"
        "portiq.portfolio_companies.portfolio_companies": "a2c070ecae75bd7b14e82e21adf200dfc9c92913b2112cef89b5dd2f2088ab58"
        "vantora.portfolio_companies.portfolio_companies": "a2c070ecae75bd7b14e82e21adf200dfc9c92913b2112cef89b5dd2f2088ab58"
      country:
        "chrono.portfolio_companies.portfolio_companies": "c0b2409c65d9b3d8b435d071c573509a7a53dd313f246bce47dee60f4ab73158"
        "meridex.portfolio_companies.portfolio_companies": "5fe2123492452c9712e6df85a49b263548c1db1c5103e8f78c898c38892381bf"
        "portiq.portfolio_companies.portfolio_companies": "5fe2123492452c9712e6df85a49b263548c1db1c5103e8f78c898c38892381bf"
        "vantora.portfolio_companies.portfolio_companies": "5fe2123492452c9712e6df85a49b263548c1db1c5103e8f78c898c38892381bf"
      first_seen_at:
        "chrono.portfolio_companies.portfolio_companies": "905a10dd5da4b3c5a1db1e9df21caaa41baebf9d55a3de601846da544fa1b4b5"
        "meridex.portfolio_companies.portfolio_companies": "e1a904a2d8444be78163b83c309f6b27fce89ee644c87ff1ff076ed33420c614"
        "portiq.portfolio_companies.portfolio_companies": "e1a904a2d8444be78163b83c309f6b27fce89ee644c87ff1ff076ed33420c614"
        "vantora.portfolio_companies.portfolio_companies": "2a5a1ed3d93a85c0e6fc88b8dd04790036386bc9b063dc79a13155165927d6d5"
      lei:
        "chrono.portfolio_companies.portfolio_companies": "f1beb0ad481d41af6481262bca5d8aa7f9c5d5350e290dfe45b9b582ecf1c9a2"
        "meridex.portfolio_companies.portfolio_companies": "be82ff252b0a3a1f2e8f864607a1653e11a6d5d8085a798133eaa0852c537382"
        "portiq.portfolio_companies.portfolio_companies": "be82ff252b0a3a1f2e8f864607a1653e11a6d5d8085a798133eaa0852c537382"
        "vantora.portfolio_companies.portfolio_companies": "be82ff252b0a3a1f2e8f864607a1653e11a6d5d8085a798133eaa0852c537382"
      portfolio_company_resolution_confidence:
        "chrono.portfolio_companies.portfolio_companies": "26b9e5aae38306e704e43e8ecc354806d64b7b9117d004682eedd8eb32bb1909"
        "meridex.portfolio_companies.portfolio_companies": "26b9e5aae38306e704e43e8ecc354806d64b7b9117d004682eedd8eb32bb1909"
        "portiq.portfolio_companies.portfolio_companies": "26b9e5aae38306e704e43e8ecc354806d64b7b9117d004682eedd8eb32bb1909"
        "vantora.portfolio_companies.portfolio_companies": "26b9e5aae38306e704e43e8ecc354806d64b7b9117d004682eedd8eb32bb1909"
      portfolio_company_resolution_tier:
        "chrono.portfolio_companies.portfolio_companies": "c884acfa1a765c8b17e7fe4773280d04177d220284d4372bea3ee54266200aab"
        "meridex.portfolio_companies.portfolio_companies": "c884acfa1a765c8b17e7fe4773280d04177d220284d4372bea3ee54266200aab"
        "portiq.portfolio_companies.portfolio_companies": "c884acfa1a765c8b17e7fe4773280d04177d220284d4372bea3ee54266200aab"
        "vantora.portfolio_companies.portfolio_companies": "c884acfa1a765c8b17e7fe4773280d04177d220284d4372bea3ee54266200aab"
      sector:
        "chrono.portfolio_companies.portfolio_companies": "29bed7cf3f1140d521ba6a5aaf2559691cde60b42165e3258c99f6a4a588c626"
        "meridex.portfolio_companies.portfolio_companies": "f88f8f855ace28164ca87d7b0485ee9a5b86d7e5e8785f228244b5ba83cbde8b"
        "portiq.portfolio_companies.portfolio_companies": "f88f8f855ace28164ca87d7b0485ee9a5b86d7e5e8785f228244b5ba83cbde8b"
        "vantora.portfolio_companies.portfolio_companies": "f88f8f855ace28164ca87d7b0485ee9a5b86d7e5e8785f228244b5ba83cbde8b"
      shared_external_id:
        "chrono.portfolio_companies.portfolio_companies": "90ca9b9e791def0be3090387e8062221a6eeb254b3fbfc3f3d90a3dda7058c85"
        "meridex.portfolio_companies.portfolio_companies": "bf91d3898043cd1a5a3b6ee6974ac13074f24211676cc6b2173b861ca7baf446"
        "portiq.portfolio_companies.portfolio_companies": "bf91d3898043cd1a5a3b6ee6974ac13074f24211676cc6b2173b861ca7baf446"
        "vantora.portfolio_companies.portfolio_companies": "bf91d3898043cd1a5a3b6ee6974ac13074f24211676cc6b2173b861ca7baf446"
      source_company_id:
        "chrono.portfolio_companies.portfolio_companies": "eb49e0de496b11c4667864833d69dcaa37a40c668c5d08e4ab76b108543c1cee"
        "meridex.portfolio_companies.portfolio_companies": "93a45b13ec07909ce7772291f283069f731f662cb9ffd1c76795922a38715c5d"
        "portiq.portfolio_companies.portfolio_companies": "393cd49c1d935c7aaee709e266647465e563cdc2bbc1591697309f6580b0f609"
        "vantora.portfolio_companies.portfolio_companies": "2fc01e386edcc6ffa744a01daee1697565f4cc733aeb32037c842b73649b0e0a"
      source_fund_id:
        "chrono.portfolio_companies.portfolio_companies": "e8108ea3853bbd2d3270579791c76973ee6c5173456a3763cc7811a78375f9fe"
        "meridex.portfolio_companies.portfolio_companies": "8b18db705ea31124e5c7caf4b48e39d95e749a6b09f9a5f26b9a9274c527c1eb"
        "portiq.portfolio_companies.portfolio_companies": "b9afe55422d40d22b635d831609a21db5c0fe68b7377aeb196416c8c49f2d62e"
        "vantora.portfolio_companies.portfolio_companies": "0d0e6385298e289ef663e0e0b05f29dced00d7161373ab420449b5ee352c9525"
      status:
        "chrono.portfolio_companies.portfolio_companies": "ac7f464b6322821c9d96e76bcd007e82d9b4194dad3e63fd3b2fb901ffd529a7"
        "meridex.portfolio_companies.portfolio_companies": "ad14ad62d43ef4be7faff1b1fa1ecb98aad8a0c0e115a3c8da4582b3b0e53166"
        "portiq.portfolio_companies.portfolio_companies": "ad14ad62d43ef4be7faff1b1fa1ecb98aad8a0c0e115a3c8da4582b3b0e53166"
        "vantora.portfolio_companies.portfolio_companies": "4dc6ca8bf531fc102144c4f40315fc99298c850a285c672cc930481806a2f468"
      sub_sector:
        "chrono.portfolio_companies.portfolio_companies": "43eb672ba38243c4f741da9846996d61ead547e2341a0e549157162b02f7983c"
        "meridex.portfolio_companies.portfolio_companies": "ad14ad62d43ef4be7faff1b1fa1ecb98aad8a0c0e115a3c8da4582b3b0e53166"
        "portiq.portfolio_companies.portfolio_companies": "ad14ad62d43ef4be7faff1b1fa1ecb98aad8a0c0e115a3c8da4582b3b0e53166"
        "vantora.portfolio_companies.portfolio_companies": "ad634360f09f6acda9369654c0431784b52c3bbabe6b73a3b7117a4c31471f78"
